
Microsoft Visual Studio Solution File, Format Version 12.00
# Visual Studio 14
VisualStudioVersion = 14.0.25420.1
MinimumVisualStudioVersion = 10.0.40219.1
Project("{2150E333-8FDC-42A3-9474-1A3956D46DE8}") = "Documents", "Documents", "{2BBD5E18-0A92-4E3D-A5FA-38F374B3134C}"
EndProject
Project("{FAE04EC0-301F-11D3-BF4B-00C04F79EFBC}") = "SunNet.PMNew.Framework", "SunNet.PMNew.Framework\SunNet.PMNew.Framework.csproj", "{3D3DAFD1-AFD8-48E5-8E11-BDF5C2A3FDC5}"
EndProject
Project("{FAE04EC0-301F-11D3-BF4B-00C04F79EFBC}") = "SunNet.PMNew.Entity", "SunNet.PMNew.Entity\SunNet.PMNew.Entity.csproj", "{129AD4D5-62F8-424B-AEE1-438744E1E065}"
EndProject
Project("{FAE04EC0-301F-11D3-BF4B-00C04F79EFBC}") = "SunNet.PMNew.Core", "SunNet.PMNew.Core\SunNet.PMNew.Core.csproj", "{4E1E2933-E955-49FE-A367-51D6D2C43396}"
EndProject
Project("{FAE04EC0-301F-11D3-BF4B-00C04F79EFBC}") = "SunNet.PMNew.Impl", "SunNet.PMNew.Impl\SunNet.PMNew.Impl.csproj", "{6EDD8750-D5CD-4A8B-A0C4-3BAF230131F6}"
EndProject
Project("{FAE04EC0-301F-11D3-BF4B-00C04F79EFBC}") = "SunNet.PMNew.App", "SunNet.PMNew.App\SunNet.PMNew.App.csproj", "{13EE4593-0FB1-433F-AC02-F651B68229E4}"
EndProject
Project("{FAE04EC0-301F-11D3-BF4B-00C04F79EFBC}") = "SunNet.PMNew.EmailSender", "SunNet.PMNew.EmailSender\SunNet.PMNew.EmailSender.csproj", "{767854B1-7567-4F18-901E-1B9E3673EAAE}"
	ProjectSection(ProjectDependencies) = postProject
		{4541B531-EB41-46C6-AA3F-3101FC42C7FC} = {4541B531-EB41-46C6-AA3F-3101FC42C7FC}
	EndProjectSection
EndProject
Project("{FAE04EC0-301F-11D3-BF4B-00C04F79EFBC}") = "SunNet.PMNew.WinLogin", "SunNet.PMNew.WinLogin\SunNet.PMNew.WinLogin.csproj", "{683F74C6-201D-4FD2-BABA-DEDFA4248586}"
EndProject
Project("{FAE04EC0-301F-11D3-BF4B-00C04F79EFBC}") = "SunNet.PMNew.WinUpdate", "SunNet.PMNew.WinUpdate\SunNet.PMNew.WinUpdate.csproj", "{FBAC7D18-1C74-4C70-A64C-E68AC93E2646}"
EndProject
Project("{FAE04EC0-301F-11D3-BF4B-00C04F79EFBC}") = "EventSendAlertEmail", "EventSendAlertEmail\EventSendAlertEmail.csproj", "{0B320CBC-C660-4884-B5BF-B1C0DCE9C7AE}"
EndProject
Project("{FAE04EC0-301F-11D3-BF4B-00C04F79EFBC}") = "SunNet.PMNew.PM2014", "SunNet.PMNew.PM2014\SunNet.PMNew.PM2014.csproj", "{4541B531-EB41-46C6-AA3F-3101FC42C7FC}"
EndProject
Project("{FAE04EC0-301F-11D3-BF4B-00C04F79EFBC}") = "FamilyBook.Business", "Documents\FamilyBook.Business\FamilyBook.Business.csproj", "{456ED7D7-1FCC-4E66-94A3-170082549E22}"
EndProject
Project("{FAE04EC0-301F-11D3-BF4B-00C04F79EFBC}") = "FamilyBook.Common", "Documents\FamilyBook.Common\FamilyBook.Common.csproj", "{D9D94031-AA12-4BFD-B62E-E59B1D4984C1}"
EndProject
Project("{FAE04EC0-301F-11D3-BF4B-00C04F79EFBC}") = "FamilyBook.Core", "Documents\FamilyBook.Core\FamilyBook.Core.csproj", "{BD643BD6-88C0-47C6-B708-ED9DF8248032}"
EndProject
Project("{FAE04EC0-301F-11D3-BF4B-00C04F79EFBC}") = "FamilyBook.Entity", "Documents\FamilyBook.Entity\FamilyBook.Entity.csproj", "{A98762A4-4BBC-4CB6-83DF-66447EE5D707}"
EndProject
Project("{FAE04EC0-301F-11D3-BF4B-00C04F79EFBC}") = "FamilyBook.Impl", "Documents\FamilyBook.Impl\FamilyBook.Impl.csproj", "{FE8523A9-AFC5-4E12-A050-1E68E655A816}"
EndProject
Project("{FAE04EC0-301F-11D3-BF4B-00C04F79EFBC}") = "PM.Document.Web", "Documents\FamilyBook.Web\PM.Document.Web.csproj", "{9369F0B1-93AA-490E-9632-C12280D16A40}"
EndProject
Project("{FAE04EC0-301F-11D3-BF4B-00C04F79EFBC}") = "SF.Framework", "Documents\SunNet.Framework\SF.Framework.csproj", "{7E282866-EF84-4CA9-86F4-3DB01AC8FBAA}"
EndProject
Project("{FAE04EC0-301F-11D3-BF4B-00C04F79EFBC}") = "PaymentEmail", "PaymentEmail\PaymentEmail.csproj", "{BBC60ED6-0AA9-41B6-94B9-43C8C2DC4D19}"
EndProject
Project("{FAE04EC0-301F-11D3-BF4B-00C04F79EFBC}") = "ReminderEmail", "ReminderEmail\ReminderEmail.csproj", "{FC1823D5-9170-48F3-B4C6-8370BEB53451}"
EndProject
Global
	GlobalSection(SolutionConfigurationPlatforms) = preSolution
		CD_ROM|Any CPU = CD_ROM|Any CPU
		CD_ROM|Mixed Platforms = CD_ROM|Mixed Platforms
		CD_ROM|x86 = CD_ROM|x86
		Debug|Any CPU = Debug|Any CPU
		Debug|Mixed Platforms = Debug|Mixed Platforms
		Debug|x86 = Debug|x86
		DVD-5|Any CPU = DVD-5|Any CPU
		DVD-5|Mixed Platforms = DVD-5|Mixed Platforms
		DVD-5|x86 = DVD-5|x86
		Release|Any CPU = Release|Any CPU
		Release|Mixed Platforms = Release|Mixed Platforms
		Release|x86 = Release|x86
		SingleImage|Any CPU = SingleImage|Any CPU
		SingleImage|Mixed Platforms = SingleImage|Mixed Platforms
		SingleImage|x86 = SingleImage|x86
	EndGlobalSection
	GlobalSection(ProjectConfigurationPlatforms) = postSolution
		{3D3DAFD1-AFD8-48E5-8E11-BDF5C2A3FDC5}.CD_ROM|Any CPU.ActiveCfg = Release|Any CPU
		{3D3DAFD1-AFD8-48E5-8E11-BDF5C2A3FDC5}.CD_ROM|Any CPU.Build.0 = Release|Any CPU
		{3D3DAFD1-AFD8-48E5-8E11-BDF5C2A3FDC5}.CD_ROM|Mixed Platforms.ActiveCfg = Release|Any CPU
		{3D3DAFD1-AFD8-48E5-8E11-BDF5C2A3FDC5}.CD_ROM|Mixed Platforms.Build.0 = Release|Any CPU
		{3D3DAFD1-AFD8-48E5-8E11-BDF5C2A3FDC5}.CD_ROM|x86.ActiveCfg = Release|Any CPU
		{3D3DAFD1-AFD8-48E5-8E11-BDF5C2A3FDC5}.Debug|Any CPU.ActiveCfg = Debug|Any CPU
		{3D3DAFD1-AFD8-48E5-8E11-BDF5C2A3FDC5}.Debug|Any CPU.Build.0 = Debug|Any CPU
		{3D3DAFD1-AFD8-48E5-8E11-BDF5C2A3FDC5}.Debug|Mixed Platforms.ActiveCfg = Debug|Any CPU
		{3D3DAFD1-AFD8-48E5-8E11-BDF5C2A3FDC5}.Debug|Mixed Platforms.Build.0 = Debug|Any CPU
		{3D3DAFD1-AFD8-48E5-8E11-BDF5C2A3FDC5}.Debug|x86.ActiveCfg = Debug|Any CPU
		{3D3DAFD1-AFD8-48E5-8E11-BDF5C2A3FDC5}.DVD-5|Any CPU.ActiveCfg = Debug|Any CPU
		{3D3DAFD1-AFD8-48E5-8E11-BDF5C2A3FDC5}.DVD-5|Any CPU.Build.0 = Debug|Any CPU
		{3D3DAFD1-AFD8-48E5-8E11-BDF5C2A3FDC5}.DVD-5|Mixed Platforms.ActiveCfg = Debug|Any CPU
		{3D3DAFD1-AFD8-48E5-8E11-BDF5C2A3FDC5}.DVD-5|Mixed Platforms.Build.0 = Debug|Any CPU
		{3D3DAFD1-AFD8-48E5-8E11-BDF5C2A3FDC5}.DVD-5|x86.ActiveCfg = Debug|Any CPU
		{3D3DAFD1-AFD8-48E5-8E11-BDF5C2A3FDC5}.Release|Any CPU.ActiveCfg = Release|Any CPU
		{3D3DAFD1-AFD8-48E5-8E11-BDF5C2A3FDC5}.Release|Any CPU.Build.0 = Release|Any CPU
		{3D3DAFD1-AFD8-48E5-8E11-BDF5C2A3FDC5}.Release|Mixed Platforms.ActiveCfg = Release|Any CPU
		{3D3DAFD1-AFD8-48E5-8E11-BDF5C2A3FDC5}.Release|Mixed Platforms.Build.0 = Release|Any CPU
		{3D3DAFD1-AFD8-48E5-8E11-BDF5C2A3FDC5}.Release|x86.ActiveCfg = Release|Any CPU
		{3D3DAFD1-AFD8-48E5-8E11-BDF5C2A3FDC5}.SingleImage|Any CPU.ActiveCfg = Release|Any CPU
		{3D3DAFD1-AFD8-48E5-8E11-BDF5C2A3FDC5}.SingleImage|Any CPU.Build.0 = Release|Any CPU
		{3D3DAFD1-AFD8-48E5-8E11-BDF5C2A3FDC5}.SingleImage|Mixed Platforms.ActiveCfg = Release|Any CPU
		{3D3DAFD1-AFD8-48E5-8E11-BDF5C2A3FDC5}.SingleImage|Mixed Platforms.Build.0 = Release|Any CPU
		{3D3DAFD1-AFD8-48E5-8E11-BDF5C2A3FDC5}.SingleImage|x86.ActiveCfg = Release|Any CPU
		{129AD4D5-62F8-424B-AEE1-438744E1E065}.CD_ROM|Any CPU.ActiveCfg = Release|Any CPU
		{129AD4D5-62F8-424B-AEE1-438744E1E065}.CD_ROM|Any CPU.Build.0 = Release|Any CPU
		{129AD4D5-62F8-424B-AEE1-438744E1E065}.CD_ROM|Mixed Platforms.ActiveCfg = Release|Any CPU
		{129AD4D5-62F8-424B-AEE1-438744E1E065}.CD_ROM|Mixed Platforms.Build.0 = Release|Any CPU
		{129AD4D5-62F8-424B-AEE1-438744E1E065}.CD_ROM|x86.ActiveCfg = Release|Any CPU
		{129AD4D5-62F8-424B-AEE1-438744E1E065}.Debug|Any CPU.ActiveCfg = Debug|Any CPU
		{129AD4D5-62F8-424B-AEE1-438744E1E065}.Debug|Any CPU.Build.0 = Debug|Any CPU
		{129AD4D5-62F8-424B-AEE1-438744E1E065}.Debug|Mixed Platforms.ActiveCfg = Debug|Any CPU
		{129AD4D5-62F8-424B-AEE1-438744E1E065}.Debug|Mixed Platforms.Build.0 = Debug|Any CPU
		{129AD4D5-62F8-424B-AEE1-438744E1E065}.Debug|x86.ActiveCfg = Debug|Any CPU
		{129AD4D5-62F8-424B-AEE1-438744E1E065}.DVD-5|Any CPU.ActiveCfg = Debug|Any CPU
		{129AD4D5-62F8-424B-AEE1-438744E1E065}.DVD-5|Any CPU.Build.0 = Debug|Any CPU
		{129AD4D5-62F8-424B-AEE1-438744E1E065}.DVD-5|Mixed Platforms.ActiveCfg = Debug|Any CPU
		{129AD4D5-62F8-424B-AEE1-438744E1E065}.DVD-5|Mixed Platforms.Build.0 = Debug|Any CPU
		{129AD4D5-62F8-424B-AEE1-438744E1E065}.DVD-5|x86.ActiveCfg = Debug|Any CPU
		{129AD4D5-62F8-424B-AEE1-438744E1E065}.Release|Any CPU.ActiveCfg = Release|Any CPU
		{129AD4D5-62F8-424B-AEE1-438744E1E065}.Release|Any CPU.Build.0 = Release|Any CPU
		{129AD4D5-62F8-424B-AEE1-438744E1E065}.Release|Mixed Platforms.ActiveCfg = Release|Any CPU
		{129AD4D5-62F8-424B-AEE1-438744E1E065}.Release|Mixed Platforms.Build.0 = Release|Any CPU
		{129AD4D5-62F8-424B-AEE1-438744E1E065}.Release|x86.ActiveCfg = Release|Any CPU
		{129AD4D5-62F8-424B-AEE1-438744E1E065}.SingleImage|Any CPU.ActiveCfg = Release|Any CPU
		{129AD4D5-62F8-424B-AEE1-438744E1E065}.SingleImage|Any CPU.Build.0 = Release|Any CPU
		{129AD4D5-62F8-424B-AEE1-438744E1E065}.SingleImage|Mixed Platforms.ActiveCfg = Release|Any CPU
		{129AD4D5-62F8-424B-AEE1-438744E1E065}.SingleImage|Mixed Platforms.Build.0 = Release|Any CPU
		{129AD4D5-62F8-424B-AEE1-438744E1E065}.SingleImage|x86.ActiveCfg = Release|Any CPU
		{4E1E2933-E955-49FE-A367-51D6D2C43396}.CD_ROM|Any CPU.ActiveCfg = Release|Any CPU
		{4E1E2933-E955-49FE-A367-51D6D2C43396}.CD_ROM|Any CPU.Build.0 = Release|Any CPU
		{4E1E2933-E955-49FE-A367-51D6D2C43396}.CD_ROM|Mixed Platforms.ActiveCfg = Release|Any CPU
		{4E1E2933-E955-49FE-A367-51D6D2C43396}.CD_ROM|Mixed Platforms.Build.0 = Release|Any CPU
		{4E1E2933-E955-49FE-A367-51D6D2C43396}.CD_ROM|x86.ActiveCfg = Release|Any CPU
		{4E1E2933-E955-49FE-A367-51D6D2C43396}.Debug|Any CPU.ActiveCfg = Debug|Any CPU
		{4E1E2933-E955-49FE-A367-51D6D2C43396}.Debug|Any CPU.Build.0 = Debug|Any CPU
		{4E1E2933-E955-49FE-A367-51D6D2C43396}.Debug|Mixed Platforms.ActiveCfg = Debug|Any CPU
		{4E1E2933-E955-49FE-A367-51D6D2C43396}.Debug|Mixed Platforms.Build.0 = Debug|Any CPU
		{4E1E2933-E955-49FE-A367-51D6D2C43396}.Debug|x86.ActiveCfg = Debug|Any CPU
		{4E1E2933-E955-49FE-A367-51D6D2C43396}.DVD-5|Any CPU.ActiveCfg = Debug|Any CPU
		{4E1E2933-E955-49FE-A367-51D6D2C43396}.DVD-5|Any CPU.Build.0 = Debug|Any CPU
		{4E1E2933-E955-49FE-A367-51D6D2C43396}.DVD-5|Mixed Platforms.ActiveCfg = Debug|Any CPU
		{4E1E2933-E955-49FE-A367-51D6D2C43396}.DVD-5|Mixed Platforms.Build.0 = Debug|Any CPU
		{4E1E2933-E955-49FE-A367-51D6D2C43396}.DVD-5|x86.ActiveCfg = Debug|Any CPU
		{4E1E2933-E955-49FE-A367-51D6D2C43396}.Release|Any CPU.ActiveCfg = Release|Any CPU
		{4E1E2933-E955-49FE-A367-51D6D2C43396}.Release|Any CPU.Build.0 = Release|Any CPU
		{4E1E2933-E955-49FE-A367-51D6D2C43396}.Release|Mixed Platforms.ActiveCfg = Release|Any CPU
		{4E1E2933-E955-49FE-A367-51D6D2C43396}.Release|Mixed Platforms.Build.0 = Release|Any CPU
		{4E1E2933-E955-49FE-A367-51D6D2C43396}.Release|x86.ActiveCfg = Release|Any CPU
		{4E1E2933-E955-49FE-A367-51D6D2C43396}.SingleImage|Any CPU.ActiveCfg = Release|Any CPU
		{4E1E2933-E955-49FE-A367-51D6D2C43396}.SingleImage|Any CPU.Build.0 = Release|Any CPU
		{4E1E2933-E955-49FE-A367-51D6D2C43396}.SingleImage|Mixed Platforms.ActiveCfg = Release|Any CPU
		{4E1E2933-E955-49FE-A367-51D6D2C43396}.SingleImage|Mixed Platforms.Build.0 = Release|Any CPU
		{4E1E2933-E955-49FE-A367-51D6D2C43396}.SingleImage|x86.ActiveCfg = Release|Any CPU
		{6EDD8750-D5CD-4A8B-A0C4-3BAF230131F6}.CD_ROM|Any CPU.ActiveCfg = Release|Any CPU
		{6EDD8750-D5CD-4A8B-A0C4-3BAF230131F6}.CD_ROM|Any CPU.Build.0 = Release|Any CPU
		{6EDD8750-D5CD-4A8B-A0C4-3BAF230131F6}.CD_ROM|Mixed Platforms.ActiveCfg = Release|Any CPU
		{6EDD8750-D5CD-4A8B-A0C4-3BAF230131F6}.CD_ROM|Mixed Platforms.Build.0 = Release|Any CPU
		{6EDD8750-D5CD-4A8B-A0C4-3BAF230131F6}.CD_ROM|x86.ActiveCfg = Release|Any CPU
		{6EDD8750-D5CD-4A8B-A0C4-3BAF230131F6}.Debug|Any CPU.ActiveCfg = Debug|Any CPU
		{6EDD8750-D5CD-4A8B-A0C4-3BAF230131F6}.Debug|Any CPU.Build.0 = Debug|Any CPU
		{6EDD8750-D5CD-4A8B-A0C4-3BAF230131F6}.Debug|Mixed Platforms.ActiveCfg = Debug|Any CPU
		{6EDD8750-D5CD-4A8B-A0C4-3BAF230131F6}.Debug|Mixed Platforms.Build.0 = Debug|Any CPU
		{6EDD8750-D5CD-4A8B-A0C4-3BAF230131F6}.Debug|x86.ActiveCfg = Debug|Any CPU
		{6EDD8750-D5CD-4A8B-A0C4-3BAF230131F6}.DVD-5|Any CPU.ActiveCfg = Debug|Any CPU
		{6EDD8750-D5CD-4A8B-A0C4-3BAF230131F6}.DVD-5|Any CPU.Build.0 = Debug|Any CPU
		{6EDD8750-D5CD-4A8B-A0C4-3BAF230131F6}.DVD-5|Mixed Platforms.ActiveCfg = Debug|Any CPU
		{6EDD8750-D5CD-4A8B-A0C4-3BAF230131F6}.DVD-5|Mixed Platforms.Build.0 = Debug|Any CPU
		{6EDD8750-D5CD-4A8B-A0C4-3BAF230131F6}.DVD-5|x86.ActiveCfg = Debug|Any CPU
		{6EDD8750-D5CD-4A8B-A0C4-3BAF230131F6}.Release|Any CPU.ActiveCfg = Release|Any CPU
		{6EDD8750-D5CD-4A8B-A0C4-3BAF230131F6}.Release|Any CPU.Build.0 = Release|Any CPU
		{6EDD8750-D5CD-4A8B-A0C4-3BAF230131F6}.Release|Mixed Platforms.ActiveCfg = Release|Any CPU
		{6EDD8750-D5CD-4A8B-A0C4-3BAF230131F6}.Release|Mixed Platforms.Build.0 = Release|Any CPU
		{6EDD8750-D5CD-4A8B-A0C4-3BAF230131F6}.Release|x86.ActiveCfg = Release|Any CPU
		{6EDD8750-D5CD-4A8B-A0C4-3BAF230131F6}.SingleImage|Any CPU.ActiveCfg = Release|Any CPU
		{6EDD8750-D5CD-4A8B-A0C4-3BAF230131F6}.SingleImage|Any CPU.Build.0 = Release|Any CPU
		{6EDD8750-D5CD-4A8B-A0C4-3BAF230131F6}.SingleImage|Mixed Platforms.ActiveCfg = Release|Any CPU
		{6EDD8750-D5CD-4A8B-A0C4-3BAF230131F6}.SingleImage|Mixed Platforms.Build.0 = Release|Any CPU
		{6EDD8750-D5CD-4A8B-A0C4-3BAF230131F6}.SingleImage|x86.ActiveCfg = Release|Any CPU
		{13EE4593-0FB1-433F-AC02-F651B68229E4}.CD_ROM|Any CPU.ActiveCfg = Release|Any CPU
		{13EE4593-0FB1-433F-AC02-F651B68229E4}.CD_ROM|Any CPU.Build.0 = Release|Any CPU
		{13EE4593-0FB1-433F-AC02-F651B68229E4}.CD_ROM|Mixed Platforms.ActiveCfg = Release|Any CPU
		{13EE4593-0FB1-433F-AC02-F651B68229E4}.CD_ROM|Mixed Platforms.Build.0 = Release|Any CPU
		{13EE4593-0FB1-433F-AC02-F651B68229E4}.CD_ROM|x86.ActiveCfg = Release|Any CPU
		{13EE4593-0FB1-433F-AC02-F651B68229E4}.Debug|Any CPU.ActiveCfg = Debug|Any CPU
		{13EE4593-0FB1-433F-AC02-F651B68229E4}.Debug|Any CPU.Build.0 = Debug|Any CPU
		{13EE4593-0FB1-433F-AC02-F651B68229E4}.Debug|Mixed Platforms.ActiveCfg = Debug|Any CPU
		{13EE4593-0FB1-433F-AC02-F651B68229E4}.Debug|Mixed Platforms.Build.0 = Debug|Any CPU
		{13EE4593-0FB1-433F-AC02-F651B68229E4}.Debug|x86.ActiveCfg = Debug|Any CPU
		{13EE4593-0FB1-433F-AC02-F651B68229E4}.DVD-5|Any CPU.ActiveCfg = Debug|Any CPU
		{13EE4593-0FB1-433F-AC02-F651B68229E4}.DVD-5|Any CPU.Build.0 = Debug|Any CPU
		{13EE4593-0FB1-433F-AC02-F651B68229E4}.DVD-5|Mixed Platforms.ActiveCfg = Debug|Any CPU
		{13EE4593-0FB1-433F-AC02-F651B68229E4}.DVD-5|Mixed Platforms.Build.0 = Debug|Any CPU
		{13EE4593-0FB1-433F-AC02-F651B68229E4}.DVD-5|x86.ActiveCfg = Debug|Any CPU
		{13EE4593-0FB1-433F-AC02-F651B68229E4}.Release|Any CPU.ActiveCfg = Release|Any CPU
		{13EE4593-0FB1-433F-AC02-F651B68229E4}.Release|Any CPU.Build.0 = Release|Any CPU
		{13EE4593-0FB1-433F-AC02-F651B68229E4}.Release|Mixed Platforms.ActiveCfg = Release|Any CPU
		{13EE4593-0FB1-433F-AC02-F651B68229E4}.Release|Mixed Platforms.Build.0 = Release|Any CPU
		{13EE4593-0FB1-433F-AC02-F651B68229E4}.Release|x86.ActiveCfg = Release|Any CPU
		{13EE4593-0FB1-433F-AC02-F651B68229E4}.SingleImage|Any CPU.ActiveCfg = Release|Any CPU
		{13EE4593-0FB1-433F-AC02-F651B68229E4}.SingleImage|Any CPU.Build.0 = Release|Any CPU
		{13EE4593-0FB1-433F-AC02-F651B68229E4}.SingleImage|Mixed Platforms.ActiveCfg = Release|Any CPU
		{13EE4593-0FB1-433F-AC02-F651B68229E4}.SingleImage|Mixed Platforms.Build.0 = Release|Any CPU
		{13EE4593-0FB1-433F-AC02-F651B68229E4}.SingleImage|x86.ActiveCfg = Release|Any CPU
		{767854B1-7567-4F18-901E-1B9E3673EAAE}.CD_ROM|Any CPU.ActiveCfg = Release|Any CPU
		{767854B1-7567-4F18-901E-1B9E3673EAAE}.CD_ROM|Any CPU.Build.0 = Release|Any CPU
		{767854B1-7567-4F18-901E-1B9E3673EAAE}.CD_ROM|Mixed Platforms.ActiveCfg = Release|Any CPU
		{767854B1-7567-4F18-901E-1B9E3673EAAE}.CD_ROM|Mixed Platforms.Build.0 = Release|Any CPU
		{767854B1-7567-4F18-901E-1B9E3673EAAE}.CD_ROM|x86.ActiveCfg = Release|Any CPU
		{767854B1-7567-4F18-901E-1B9E3673EAAE}.Debug|Any CPU.ActiveCfg = Debug|Any CPU
		{767854B1-7567-4F18-901E-1B9E3673EAAE}.Debug|Any CPU.Build.0 = Debug|Any CPU
		{767854B1-7567-4F18-901E-1B9E3673EAAE}.Debug|Mixed Platforms.ActiveCfg = Debug|Any CPU
		{767854B1-7567-4F18-901E-1B9E3673EAAE}.Debug|Mixed Platforms.Build.0 = Debug|Any CPU
		{767854B1-7567-4F18-901E-1B9E3673EAAE}.Debug|x86.ActiveCfg = Debug|Any CPU
		{767854B1-7567-4F18-901E-1B9E3673EAAE}.DVD-5|Any CPU.ActiveCfg = Debug|Any CPU
		{767854B1-7567-4F18-901E-1B9E3673EAAE}.DVD-5|Any CPU.Build.0 = Debug|Any CPU
		{767854B1-7567-4F18-901E-1B9E3673EAAE}.DVD-5|Mixed Platforms.ActiveCfg = Debug|Any CPU
		{767854B1-7567-4F18-901E-1B9E3673EAAE}.DVD-5|Mixed Platforms.Build.0 = Debug|Any CPU
		{767854B1-7567-4F18-901E-1B9E3673EAAE}.DVD-5|x86.ActiveCfg = Debug|Any CPU
		{767854B1-7567-4F18-901E-1B9E3673EAAE}.Release|Any CPU.ActiveCfg = Release|Any CPU
		{767854B1-7567-4F18-901E-1B9E3673EAAE}.Release|Any CPU.Build.0 = Release|Any CPU
		{767854B1-7567-4F18-901E-1B9E3673EAAE}.Release|Mixed Platforms.ActiveCfg = Release|Any CPU
		{767854B1-7567-4F18-901E-1B9E3673EAAE}.Release|Mixed Platforms.Build.0 = Release|Any CPU
		{767854B1-7567-4F18-901E-1B9E3673EAAE}.Release|x86.ActiveCfg = Release|Any CPU
		{767854B1-7567-4F18-901E-1B9E3673EAAE}.SingleImage|Any CPU.ActiveCfg = Release|Any CPU
		{767854B1-7567-4F18-901E-1B9E3673EAAE}.SingleImage|Any CPU.Build.0 = Release|Any CPU
		{767854B1-7567-4F18-901E-1B9E3673EAAE}.SingleImage|Mixed Platforms.ActiveCfg = Release|Any CPU
		{767854B1-7567-4F18-901E-1B9E3673EAAE}.SingleImage|Mixed Platforms.Build.0 = Release|Any CPU
		{767854B1-7567-4F18-901E-1B9E3673EAAE}.SingleImage|x86.ActiveCfg = Release|Any CPU
		{683F74C6-201D-4FD2-BABA-DEDFA4248586}.CD_ROM|Any CPU.ActiveCfg = Release|Any CPU
		{683F74C6-201D-4FD2-BABA-DEDFA4248586}.CD_ROM|Any CPU.Build.0 = Release|Any CPU
		{683F74C6-201D-4FD2-BABA-DEDFA4248586}.CD_ROM|Mixed Platforms.ActiveCfg = Release|Any CPU
		{683F74C6-201D-4FD2-BABA-DEDFA4248586}.CD_ROM|Mixed Platforms.Build.0 = Release|Any CPU
		{683F74C6-201D-4FD2-BABA-DEDFA4248586}.CD_ROM|x86.ActiveCfg = Release|Any CPU
		{683F74C6-201D-4FD2-BABA-DEDFA4248586}.Debug|Any CPU.ActiveCfg = Debug|Any CPU
		{683F74C6-201D-4FD2-BABA-DEDFA4248586}.Debug|Any CPU.Build.0 = Debug|Any CPU
		{683F74C6-201D-4FD2-BABA-DEDFA4248586}.Debug|Mixed Platforms.ActiveCfg = Debug|Any CPU
		{683F74C6-201D-4FD2-BABA-DEDFA4248586}.Debug|Mixed Platforms.Build.0 = Debug|Any CPU
		{683F74C6-201D-4FD2-BABA-DEDFA4248586}.Debug|x86.ActiveCfg = Debug|Any CPU
		{683F74C6-201D-4FD2-BABA-DEDFA4248586}.DVD-5|Any CPU.ActiveCfg = Debug|Any CPU
		{683F74C6-201D-4FD2-BABA-DEDFA4248586}.DVD-5|Any CPU.Build.0 = Debug|Any CPU
		{683F74C6-201D-4FD2-BABA-DEDFA4248586}.DVD-5|Mixed Platforms.ActiveCfg = Debug|Any CPU
		{683F74C6-201D-4FD2-BABA-DEDFA4248586}.DVD-5|Mixed Platforms.Build.0 = Debug|Any CPU
		{683F74C6-201D-4FD2-BABA-DEDFA4248586}.DVD-5|x86.ActiveCfg = Debug|Any CPU
		{683F74C6-201D-4FD2-BABA-DEDFA4248586}.Release|Any CPU.ActiveCfg = Release|x86
		{683F74C6-201D-4FD2-BABA-DEDFA4248586}.Release|Mixed Platforms.ActiveCfg = Release|Any CPU
		{683F74C6-201D-4FD2-BABA-DEDFA4248586}.Release|Mixed Platforms.Build.0 = Release|Any CPU
		{683F74C6-201D-4FD2-BABA-DEDFA4248586}.Release|x86.ActiveCfg = Release|x86
		{683F74C6-201D-4FD2-BABA-DEDFA4248586}.Release|x86.Build.0 = Release|x86
		{683F74C6-201D-4FD2-BABA-DEDFA4248586}.SingleImage|Any CPU.ActiveCfg = Release|Any CPU
		{683F74C6-201D-4FD2-BABA-DEDFA4248586}.SingleImage|Any CPU.Build.0 = Release|Any CPU
		{683F74C6-201D-4FD2-BABA-DEDFA4248586}.SingleImage|Mixed Platforms.ActiveCfg = Release|Any CPU
		{683F74C6-201D-4FD2-BABA-DEDFA4248586}.SingleImage|Mixed Platforms.Build.0 = Release|Any CPU
		{683F74C6-201D-4FD2-BABA-DEDFA4248586}.SingleImage|x86.ActiveCfg = Release|Any CPU
		{FBAC7D18-1C74-4C70-A64C-E68AC93E2646}.CD_ROM|Any CPU.ActiveCfg = Release|x86
		{FBAC7D18-1C74-4C70-A64C-E68AC93E2646}.CD_ROM|Mixed Platforms.ActiveCfg = Release|x86
		{FBAC7D18-1C74-4C70-A64C-E68AC93E2646}.CD_ROM|Mixed Platforms.Build.0 = Release|x86
		{FBAC7D18-1C74-4C70-A64C-E68AC93E2646}.CD_ROM|x86.ActiveCfg = Release|x86
		{FBAC7D18-1C74-4C70-A64C-E68AC93E2646}.CD_ROM|x86.Build.0 = Release|x86
		{FBAC7D18-1C74-4C70-A64C-E68AC93E2646}.Debug|Any CPU.ActiveCfg = Debug|x86
		{FBAC7D18-1C74-4C70-A64C-E68AC93E2646}.Debug|Mixed Platforms.ActiveCfg = Debug|x86
		{FBAC7D18-1C74-4C70-A64C-E68AC93E2646}.Debug|Mixed Platforms.Build.0 = Debug|x86
		{FBAC7D18-1C74-4C70-A64C-E68AC93E2646}.Debug|x86.ActiveCfg = Debug|x86
		{FBAC7D18-1C74-4C70-A64C-E68AC93E2646}.Debug|x86.Build.0 = Debug|x86
		{FBAC7D18-1C74-4C70-A64C-E68AC93E2646}.DVD-5|Any CPU.ActiveCfg = Debug|x86
		{FBAC7D18-1C74-4C70-A64C-E68AC93E2646}.DVD-5|Mixed Platforms.ActiveCfg = Debug|x86
		{FBAC7D18-1C74-4C70-A64C-E68AC93E2646}.DVD-5|Mixed Platforms.Build.0 = Debug|x86
		{FBAC7D18-1C74-4C70-A64C-E68AC93E2646}.DVD-5|x86.ActiveCfg = Debug|x86
		{FBAC7D18-1C74-4C70-A64C-E68AC93E2646}.DVD-5|x86.Build.0 = Debug|x86
		{FBAC7D18-1C74-4C70-A64C-E68AC93E2646}.Release|Any CPU.ActiveCfg = Release|x86
		{FBAC7D18-1C74-4C70-A64C-E68AC93E2646}.Release|Mixed Platforms.ActiveCfg = Release|x86
		{FBAC7D18-1C74-4C70-A64C-E68AC93E2646}.Release|Mixed Platforms.Build.0 = Release|x86
		{FBAC7D18-1C74-4C70-A64C-E68AC93E2646}.Release|x86.ActiveCfg = Release|x86
		{FBAC7D18-1C74-4C70-A64C-E68AC93E2646}.Release|x86.Build.0 = Release|x86
		{FBAC7D18-1C74-4C70-A64C-E68AC93E2646}.SingleImage|Any CPU.ActiveCfg = Release|x86
		{FBAC7D18-1C74-4C70-A64C-E68AC93E2646}.SingleImage|Mixed Platforms.ActiveCfg = Release|x86
		{FBAC7D18-1C74-4C70-A64C-E68AC93E2646}.SingleImage|Mixed Platforms.Build.0 = Release|x86
		{FBAC7D18-1C74-4C70-A64C-E68AC93E2646}.SingleImage|x86.ActiveCfg = Release|x86
		{FBAC7D18-1C74-4C70-A64C-E68AC93E2646}.SingleImage|x86.Build.0 = Release|x86
		{0B320CBC-C660-4884-B5BF-B1C0DCE9C7AE}.CD_ROM|Any CPU.ActiveCfg = Release|x86
		{0B320CBC-C660-4884-B5BF-B1C0DCE9C7AE}.CD_ROM|Mixed Platforms.ActiveCfg = Release|x86
		{0B320CBC-C660-4884-B5BF-B1C0DCE9C7AE}.CD_ROM|Mixed Platforms.Build.0 = Release|x86
		{0B320CBC-C660-4884-B5BF-B1C0DCE9C7AE}.CD_ROM|x86.ActiveCfg = Release|x86
		{0B320CBC-C660-4884-B5BF-B1C0DCE9C7AE}.CD_ROM|x86.Build.0 = Release|x86
		{0B320CBC-C660-4884-B5BF-B1C0DCE9C7AE}.Debug|Any CPU.ActiveCfg = Debug|x86
		{0B320CBC-C660-4884-B5BF-B1C0DCE9C7AE}.Debug|Mixed Platforms.ActiveCfg = Debug|x86
		{0B320CBC-C660-4884-B5BF-B1C0DCE9C7AE}.Debug|Mixed Platforms.Build.0 = Debug|x86
		{0B320CBC-C660-4884-B5BF-B1C0DCE9C7AE}.Debug|x86.ActiveCfg = Debug|x86
		{0B320CBC-C660-4884-B5BF-B1C0DCE9C7AE}.Debug|x86.Build.0 = Debug|x86
		{0B320CBC-C660-4884-B5BF-B1C0DCE9C7AE}.DVD-5|Any CPU.ActiveCfg = Debug|x86
		{0B320CBC-C660-4884-B5BF-B1C0DCE9C7AE}.DVD-5|Mixed Platforms.ActiveCfg = Debug|x86
		{0B320CBC-C660-4884-B5BF-B1C0DCE9C7AE}.DVD-5|Mixed Platforms.Build.0 = Debug|x86
		{0B320CBC-C660-4884-B5BF-B1C0DCE9C7AE}.DVD-5|x86.ActiveCfg = Debug|x86
		{0B320CBC-C660-4884-B5BF-B1C0DCE9C7AE}.DVD-5|x86.Build.0 = Debug|x86
		{0B320CBC-C660-4884-B5BF-B1C0DCE9C7AE}.Release|Any CPU.ActiveCfg = Release|x86
		{0B320CBC-C660-4884-B5BF-B1C0DCE9C7AE}.Release|Mixed Platforms.ActiveCfg = Release|x86
		{0B320CBC-C660-4884-B5BF-B1C0DCE9C7AE}.Release|Mixed Platforms.Build.0 = Release|x86
		{0B320CBC-C660-4884-B5BF-B1C0DCE9C7AE}.Release|x86.ActiveCfg = Release|x86
		{0B320CBC-C660-4884-B5BF-B1C0DCE9C7AE}.Release|x86.Build.0 = Release|x86
		{0B320CBC-C660-4884-B5BF-B1C0DCE9C7AE}.SingleImage|Any CPU.ActiveCfg = Release|x86
		{0B320CBC-C660-4884-B5BF-B1C0DCE9C7AE}.SingleImage|Mixed Platforms.ActiveCfg = Release|x86
		{0B320CBC-C660-4884-B5BF-B1C0DCE9C7AE}.SingleImage|Mixed Platforms.Build.0 = Release|x86
		{0B320CBC-C660-4884-B5BF-B1C0DCE9C7AE}.SingleImage|x86.ActiveCfg = Release|x86
		{0B320CBC-C660-4884-B5BF-B1C0DCE9C7AE}.SingleImage|x86.Build.0 = Release|x86
		{4541B531-EB41-46C6-AA3F-3101FC42C7FC}.CD_ROM|Any CPU.ActiveCfg = Release|Any CPU
		{4541B531-EB41-46C6-AA3F-3101FC42C7FC}.CD_ROM|Any CPU.Build.0 = Release|Any CPU
		{4541B531-EB41-46C6-AA3F-3101FC42C7FC}.CD_ROM|Mixed Platforms.ActiveCfg = Release|Any CPU
		{4541B531-EB41-46C6-AA3F-3101FC42C7FC}.CD_ROM|Mixed Platforms.Build.0 = Release|Any CPU
		{4541B531-EB41-46C6-AA3F-3101FC42C7FC}.CD_ROM|x86.ActiveCfg = Release|Any CPU
		{4541B531-EB41-46C6-AA3F-3101FC42C7FC}.Debug|Any CPU.ActiveCfg = Debug|Any CPU
		{4541B531-EB41-46C6-AA3F-3101FC42C7FC}.Debug|Any CPU.Build.0 = Debug|Any CPU
		{4541B531-EB41-46C6-AA3F-3101FC42C7FC}.Debug|Mixed Platforms.ActiveCfg = Debug|Any CPU
		{4541B531-EB41-46C6-AA3F-3101FC42C7FC}.Debug|Mixed Platforms.Build.0 = Debug|Any CPU
		{4541B531-EB41-46C6-AA3F-3101FC42C7FC}.Debug|x86.ActiveCfg = Debug|Any CPU
		{4541B531-EB41-46C6-AA3F-3101FC42C7FC}.DVD-5|Any CPU.ActiveCfg = Debug|Any CPU
		{4541B531-EB41-46C6-AA3F-3101FC42C7FC}.DVD-5|Any CPU.Build.0 = Debug|Any CPU
		{4541B531-EB41-46C6-AA3F-3101FC42C7FC}.DVD-5|Mixed Platforms.ActiveCfg = Debug|Any CPU
		{4541B531-EB41-46C6-AA3F-3101FC42C7FC}.DVD-5|Mixed Platforms.Build.0 = Debug|Any CPU
		{4541B531-EB41-46C6-AA3F-3101FC42C7FC}.DVD-5|x86.ActiveCfg = Debug|Any CPU
		{4541B531-EB41-46C6-AA3F-3101FC42C7FC}.Release|Any CPU.ActiveCfg = Release|Any CPU
		{4541B531-EB41-46C6-AA3F-3101FC42C7FC}.Release|Any CPU.Build.0 = Release|Any CPU
		{4541B531-EB41-46C6-AA3F-3101FC42C7FC}.Release|Mixed Platforms.ActiveCfg = Release|Any CPU
		{4541B531-EB41-46C6-AA3F-3101FC42C7FC}.Release|Mixed Platforms.Build.0 = Release|Any CPU
		{4541B531-EB41-46C6-AA3F-3101FC42C7FC}.Release|x86.ActiveCfg = Release|Any CPU
		{4541B531-EB41-46C6-AA3F-3101FC42C7FC}.SingleImage|Any CPU.ActiveCfg = Release|Any CPU
		{4541B531-EB41-46C6-AA3F-3101FC42C7FC}.SingleImage|Any CPU.Build.0 = Release|Any CPU
		{4541B531-EB41-46C6-AA3F-3101FC42C7FC}.SingleImage|Mixed Platforms.ActiveCfg = Release|Any CPU
		{4541B531-EB41-46C6-AA3F-3101FC42C7FC}.SingleImage|Mixed Platforms.Build.0 = Release|Any CPU
		{4541B531-EB41-46C6-AA3F-3101FC42C7FC}.SingleImage|x86.ActiveCfg = Release|Any CPU
		{456ED7D7-1FCC-4E66-94A3-170082549E22}.CD_ROM|Any CPU.ActiveCfg = Release|Any CPU
		{456ED7D7-1FCC-4E66-94A3-170082549E22}.CD_ROM|Any CPU.Build.0 = Release|Any CPU
		{456ED7D7-1FCC-4E66-94A3-170082549E22}.CD_ROM|Mixed Platforms.ActiveCfg = Release|Any CPU
		{456ED7D7-1FCC-4E66-94A3-170082549E22}.CD_ROM|Mixed Platforms.Build.0 = Release|Any CPU
		{456ED7D7-1FCC-4E66-94A3-170082549E22}.CD_ROM|x86.ActiveCfg = Release|Any CPU
		{456ED7D7-1FCC-4E66-94A3-170082549E22}.Debug|Any CPU.ActiveCfg = Debug|Any CPU
		{456ED7D7-1FCC-4E66-94A3-170082549E22}.Debug|Any CPU.Build.0 = Debug|Any CPU
		{456ED7D7-1FCC-4E66-94A3-170082549E22}.Debug|Mixed Platforms.ActiveCfg = Debug|Any CPU
		{456ED7D7-1FCC-4E66-94A3-170082549E22}.Debug|Mixed Platforms.Build.0 = Debug|Any CPU
		{456ED7D7-1FCC-4E66-94A3-170082549E22}.Debug|x86.ActiveCfg = Debug|Any CPU
		{456ED7D7-1FCC-4E66-94A3-170082549E22}.DVD-5|Any CPU.ActiveCfg = Debug|Any CPU
		{456ED7D7-1FCC-4E66-94A3-170082549E22}.DVD-5|Any CPU.Build.0 = Debug|Any CPU
		{456ED7D7-1FCC-4E66-94A3-170082549E22}.DVD-5|Mixed Platforms.ActiveCfg = Debug|Any CPU
		{456ED7D7-1FCC-4E66-94A3-170082549E22}.DVD-5|Mixed Platforms.Build.0 = Debug|Any CPU
		{456ED7D7-1FCC-4E66-94A3-170082549E22}.DVD-5|x86.ActiveCfg = Debug|Any CPU
		{456ED7D7-1FCC-4E66-94A3-170082549E22}.Release|Any CPU.ActiveCfg = Release|Any CPU
		{456ED7D7-1FCC-4E66-94A3-170082549E22}.Release|Any CPU.Build.0 = Release|Any CPU
		{456ED7D7-1FCC-4E66-94A3-170082549E22}.Release|Mixed Platforms.ActiveCfg = Release|Any CPU
		{456ED7D7-1FCC-4E66-94A3-170082549E22}.Release|Mixed Platforms.Build.0 = Release|Any CPU
		{456ED7D7-1FCC-4E66-94A3-170082549E22}.Release|x86.ActiveCfg = Release|Any CPU
		{456ED7D7-1FCC-4E66-94A3-170082549E22}.SingleImage|Any CPU.ActiveCfg = Release|Any CPU
		{456ED7D7-1FCC-4E66-94A3-170082549E22}.SingleImage|Any CPU.Build.0 = Release|Any CPU
		{456ED7D7-1FCC-4E66-94A3-170082549E22}.SingleImage|Mixed Platforms.ActiveCfg = Release|Any CPU
		{456ED7D7-1FCC-4E66-94A3-170082549E22}.SingleImage|Mixed Platforms.Build.0 = Release|Any CPU
		{456ED7D7-1FCC-4E66-94A3-170082549E22}.SingleImage|x86.ActiveCfg = Release|Any CPU
		{D9D94031-AA12-4BFD-B62E-E59B1D4984C1}.CD_ROM|Any CPU.ActiveCfg = Release|Any CPU
		{D9D94031-AA12-4BFD-B62E-E59B1D4984C1}.CD_ROM|Any CPU.Build.0 = Release|Any CPU
		{D9D94031-AA12-4BFD-B62E-E59B1D4984C1}.CD_ROM|Mixed Platforms.ActiveCfg = Release|Any CPU
		{D9D94031-AA12-4BFD-B62E-E59B1D4984C1}.CD_ROM|Mixed Platforms.Build.0 = Release|Any CPU
		{D9D94031-AA12-4BFD-B62E-E59B1D4984C1}.CD_ROM|x86.ActiveCfg = Release|Any CPU
		{D9D94031-AA12-4BFD-B62E-E59B1D4984C1}.Debug|Any CPU.ActiveCfg = Debug|Any CPU
		{D9D94031-AA12-4BFD-B62E-E59B1D4984C1}.Debug|Any CPU.Build.0 = Debug|Any CPU
		{D9D94031-AA12-4BFD-B62E-E59B1D4984C1}.Debug|Mixed Platforms.ActiveCfg = Debug|Any CPU
		{D9D94031-AA12-4BFD-B62E-E59B1D4984C1}.Debug|Mixed Platforms.Build.0 = Debug|Any CPU
		{D9D94031-AA12-4BFD-B62E-E59B1D4984C1}.Debug|x86.ActiveCfg = Debug|Any CPU
		{D9D94031-AA12-4BFD-B62E-E59B1D4984C1}.DVD-5|Any CPU.ActiveCfg = Debug|Any CPU
		{D9D94031-AA12-4BFD-B62E-E59B1D4984C1}.DVD-5|Any CPU.Build.0 = Debug|Any CPU
		{D9D94031-AA12-4BFD-B62E-E59B1D4984C1}.DVD-5|Mixed Platforms.ActiveCfg = Debug|Any CPU
		{D9D94031-AA12-4BFD-B62E-E59B1D4984C1}.DVD-5|Mixed Platforms.Build.0 = Debug|Any CPU
		{D9D94031-AA12-4BFD-B62E-E59B1D4984C1}.DVD-5|x86.ActiveCfg = Debug|Any CPU
		{D9D94031-AA12-4BFD-B62E-E59B1D4984C1}.Release|Any CPU.ActiveCfg = Release|Any CPU
		{D9D94031-AA12-4BFD-B62E-E59B1D4984C1}.Release|Any CPU.Build.0 = Release|Any CPU
		{D9D94031-AA12-4BFD-B62E-E59B1D4984C1}.Release|Mixed Platforms.ActiveCfg = Release|Any CPU
		{D9D94031-AA12-4BFD-B62E-E59B1D4984C1}.Release|Mixed Platforms.Build.0 = Release|Any CPU
		{D9D94031-AA12-4BFD-B62E-E59B1D4984C1}.Release|x86.ActiveCfg = Release|Any CPU
		{D9D94031-AA12-4BFD-B62E-E59B1D4984C1}.SingleImage|Any CPU.ActiveCfg = Release|Any CPU
		{D9D94031-AA12-4BFD-B62E-E59B1D4984C1}.SingleImage|Any CPU.Build.0 = Release|Any CPU
		{D9D94031-AA12-4BFD-B62E-E59B1D4984C1}.SingleImage|Mixed Platforms.ActiveCfg = Release|Any CPU
		{D9D94031-AA12-4BFD-B62E-E59B1D4984C1}.SingleImage|Mixed Platforms.Build.0 = Release|Any CPU
		{D9D94031-AA12-4BFD-B62E-E59B1D4984C1}.SingleImage|x86.ActiveCfg = Release|Any CPU
		{BD643BD6-88C0-47C6-B708-ED9DF8248032}.CD_ROM|Any CPU.ActiveCfg = Release|Any CPU
		{BD643BD6-88C0-47C6-B708-ED9DF8248032}.CD_ROM|Any CPU.Build.0 = Release|Any CPU
		{BD643BD6-88C0-47C6-B708-ED9DF8248032}.CD_ROM|Mixed Platforms.ActiveCfg = Release|Any CPU
		{BD643BD6-88C0-47C6-B708-ED9DF8248032}.CD_ROM|Mixed Platforms.Build.0 = Release|Any CPU
		{BD643BD6-88C0-47C6-B708-ED9DF8248032}.CD_ROM|x86.ActiveCfg = Release|Any CPU
		{BD643BD6-88C0-47C6-B708-ED9DF8248032}.Debug|Any CPU.ActiveCfg = Debug|Any CPU
		{BD643BD6-88C0-47C6-B708-ED9DF8248032}.Debug|Any CPU.Build.0 = Debug|Any CPU
		{BD643BD6-88C0-47C6-B708-ED9DF8248032}.Debug|Mixed Platforms.ActiveCfg = Debug|Any CPU
		{BD643BD6-88C0-47C6-B708-ED9DF8248032}.Debug|Mixed Platforms.Build.0 = Debug|Any CPU
		{BD643BD6-88C0-47C6-B708-ED9DF8248032}.Debug|x86.ActiveCfg = Debug|Any CPU
		{BD643BD6-88C0-47C6-B708-ED9DF8248032}.DVD-5|Any CPU.ActiveCfg = Debug|Any CPU
		{BD643BD6-88C0-47C6-B708-ED9DF8248032}.DVD-5|Any CPU.Build.0 = Debug|Any CPU
		{BD643BD6-88C0-47C6-B708-ED9DF8248032}.DVD-5|Mixed Platforms.ActiveCfg = Debug|Any CPU
		{BD643BD6-88C0-47C6-B708-ED9DF8248032}.DVD-5|Mixed Platforms.Build.0 = Debug|Any CPU
		{BD643BD6-88C0-47C6-B708-ED9DF8248032}.DVD-5|x86.ActiveCfg = Debug|Any CPU
		{BD643BD6-88C0-47C6-B708-ED9DF8248032}.Release|Any CPU.ActiveCfg = Release|Any CPU
		{BD643BD6-88C0-47C6-B708-ED9DF8248032}.Release|Any CPU.Build.0 = Release|Any CPU
		{BD643BD6-88C0-47C6-B708-ED9DF8248032}.Release|Mixed Platforms.ActiveCfg = Release|Any CPU
		{BD643BD6-88C0-47C6-B708-ED9DF8248032}.Release|Mixed Platforms.Build.0 = Release|Any CPU
		{BD643BD6-88C0-47C6-B708-ED9DF8248032}.Release|x86.ActiveCfg = Release|Any CPU
		{BD643BD6-88C0-47C6-B708-ED9DF8248032}.SingleImage|Any CPU.ActiveCfg = Release|Any CPU
		{BD643BD6-88C0-47C6-B708-ED9DF8248032}.SingleImage|Any CPU.Build.0 = Release|Any CPU
		{BD643BD6-88C0-47C6-B708-ED9DF8248032}.SingleImage|Mixed Platforms.ActiveCfg = Release|Any CPU
		{BD643BD6-88C0-47C6-B708-ED9DF8248032}.SingleImage|Mixed Platforms.Build.0 = Release|Any CPU
		{BD643BD6-88C0-47C6-B708-ED9DF8248032}.SingleImage|x86.ActiveCfg = Release|Any CPU
		{A98762A4-4BBC-4CB6-83DF-66447EE5D707}.CD_ROM|Any CPU.ActiveCfg = Release|Any CPU
		{A98762A4-4BBC-4CB6-83DF-66447EE5D707}.CD_ROM|Any CPU.Build.0 = Release|Any CPU
		{A98762A4-4BBC-4CB6-83DF-66447EE5D707}.CD_ROM|Mixed Platforms.ActiveCfg = Release|Any CPU
		{A98762A4-4BBC-4CB6-83DF-66447EE5D707}.CD_ROM|Mixed Platforms.Build.0 = Release|Any CPU
		{A98762A4-4BBC-4CB6-83DF-66447EE5D707}.CD_ROM|x86.ActiveCfg = Release|Any CPU
		{A98762A4-4BBC-4CB6-83DF-66447EE5D707}.Debug|Any CPU.ActiveCfg = Debug|Any CPU
		{A98762A4-4BBC-4CB6-83DF-66447EE5D707}.Debug|Any CPU.Build.0 = Debug|Any CPU
		{A98762A4-4BBC-4CB6-83DF-66447EE5D707}.Debug|Mixed Platforms.ActiveCfg = Debug|Any CPU
		{A98762A4-4BBC-4CB6-83DF-66447EE5D707}.Debug|Mixed Platforms.Build.0 = Debug|Any CPU
		{A98762A4-4BBC-4CB6-83DF-66447EE5D707}.Debug|x86.ActiveCfg = Debug|Any CPU
		{A98762A4-4BBC-4CB6-83DF-66447EE5D707}.DVD-5|Any CPU.ActiveCfg = Debug|Any CPU
		{A98762A4-4BBC-4CB6-83DF-66447EE5D707}.DVD-5|Any CPU.Build.0 = Debug|Any CPU
		{A98762A4-4BBC-4CB6-83DF-66447EE5D707}.DVD-5|Mixed Platforms.ActiveCfg = Debug|Any CPU
		{A98762A4-4BBC-4CB6-83DF-66447EE5D707}.DVD-5|Mixed Platforms.Build.0 = Debug|Any CPU
		{A98762A4-4BBC-4CB6-83DF-66447EE5D707}.DVD-5|x86.ActiveCfg = Debug|Any CPU
		{A98762A4-4BBC-4CB6-83DF-66447EE5D707}.Release|Any CPU.ActiveCfg = Release|Any CPU
		{A98762A4-4BBC-4CB6-83DF-66447EE5D707}.Release|Any CPU.Build.0 = Release|Any CPU
		{A98762A4-4BBC-4CB6-83DF-66447EE5D707}.Release|Mixed Platforms.ActiveCfg = Release|Any CPU
		{A98762A4-4BBC-4CB6-83DF-66447EE5D707}.Release|Mixed Platforms.Build.0 = Release|Any CPU
		{A98762A4-4BBC-4CB6-83DF-66447EE5D707}.Release|x86.ActiveCfg = Release|Any CPU
		{A98762A4-4BBC-4CB6-83DF-66447EE5D707}.SingleImage|Any CPU.ActiveCfg = Release|Any CPU
		{A98762A4-4BBC-4CB6-83DF-66447EE5D707}.SingleImage|Any CPU.Build.0 = Release|Any CPU
		{A98762A4-4BBC-4CB6-83DF-66447EE5D707}.SingleImage|Mixed Platforms.ActiveCfg = Release|Any CPU
		{A98762A4-4BBC-4CB6-83DF-66447EE5D707}.SingleImage|Mixed Platforms.Build.0 = Release|Any CPU
		{A98762A4-4BBC-4CB6-83DF-66447EE5D707}.SingleImage|x86.ActiveCfg = Release|Any CPU
		{FE8523A9-AFC5-4E12-A050-1E68E655A816}.CD_ROM|Any CPU.ActiveCfg = Release|Any CPU
		{FE8523A9-AFC5-4E12-A050-1E68E655A816}.CD_ROM|Any CPU.Build.0 = Release|Any CPU
		{FE8523A9-AFC5-4E12-A050-1E68E655A816}.CD_ROM|Mixed Platforms.ActiveCfg = Release|Any CPU
		{FE8523A9-AFC5-4E12-A050-1E68E655A816}.CD_ROM|Mixed Platforms.Build.0 = Release|Any CPU
		{FE8523A9-AFC5-4E12-A050-1E68E655A816}.CD_ROM|x86.ActiveCfg = Release|Any CPU
		{FE8523A9-AFC5-4E12-A050-1E68E655A816}.Debug|Any CPU.ActiveCfg = Debug|Any CPU
		{FE8523A9-AFC5-4E12-A050-1E68E655A816}.Debug|Any CPU.Build.0 = Debug|Any CPU
		{FE8523A9-AFC5-4E12-A050-1E68E655A816}.Debug|Mixed Platforms.ActiveCfg = Debug|Any CPU
		{FE8523A9-AFC5-4E12-A050-1E68E655A816}.Debug|Mixed Platforms.Build.0 = Debug|Any CPU
		{FE8523A9-AFC5-4E12-A050-1E68E655A816}.Debug|x86.ActiveCfg = Debug|Any CPU
		{FE8523A9-AFC5-4E12-A050-1E68E655A816}.DVD-5|Any CPU.ActiveCfg = Debug|Any CPU
		{FE8523A9-AFC5-4E12-A050-1E68E655A816}.DVD-5|Any CPU.Build.0 = Debug|Any CPU
		{FE8523A9-AFC5-4E12-A050-1E68E655A816}.DVD-5|Mixed Platforms.ActiveCfg = Debug|Any CPU
		{FE8523A9-AFC5-4E12-A050-1E68E655A816}.DVD-5|Mixed Platforms.Build.0 = Debug|Any CPU
		{FE8523A9-AFC5-4E12-A050-1E68E655A816}.DVD-5|x86.ActiveCfg = Debug|Any CPU
		{FE8523A9-AFC5-4E12-A050-1E68E655A816}.Release|Any CPU.ActiveCfg = Release|Any CPU
		{FE8523A9-AFC5-4E12-A050-1E68E655A816}.Release|Any CPU.Build.0 = Release|Any CPU
		{FE8523A9-AFC5-4E12-A050-1E68E655A816}.Release|Mixed Platforms.ActiveCfg = Release|Any CPU
		{FE8523A9-AFC5-4E12-A050-1E68E655A816}.Release|Mixed Platforms.Build.0 = Release|Any CPU
		{FE8523A9-AFC5-4E12-A050-1E68E655A816}.Release|x86.ActiveCfg = Release|Any CPU
		{FE8523A9-AFC5-4E12-A050-1E68E655A816}.SingleImage|Any CPU.ActiveCfg = Release|Any CPU
		{FE8523A9-AFC5-4E12-A050-1E68E655A816}.SingleImage|Any CPU.Build.0 = Release|Any CPU
		{FE8523A9-AFC5-4E12-A050-1E68E655A816}.SingleImage|Mixed Platforms.ActiveCfg = Release|Any CPU
		{FE8523A9-AFC5-4E12-A050-1E68E655A816}.SingleImage|Mixed Platforms.Build.0 = Release|Any CPU
		{FE8523A9-AFC5-4E12-A050-1E68E655A816}.SingleImage|x86.ActiveCfg = Release|Any CPU
		{9369F0B1-93AA-490E-9632-C12280D16A40}.CD_ROM|Any CPU.ActiveCfg = Release|Any CPU
		{9369F0B1-93AA-490E-9632-C12280D16A40}.CD_ROM|Any CPU.Build.0 = Release|Any CPU
		{9369F0B1-93AA-490E-9632-C12280D16A40}.CD_ROM|Mixed Platforms.ActiveCfg = Release|Any CPU
		{9369F0B1-93AA-490E-9632-C12280D16A40}.CD_ROM|Mixed Platforms.Build.0 = Release|Any CPU
		{9369F0B1-93AA-490E-9632-C12280D16A40}.CD_ROM|x86.ActiveCfg = Release|Any CPU
		{9369F0B1-93AA-490E-9632-C12280D16A40}.Debug|Any CPU.ActiveCfg = Debug|Any CPU
		{9369F0B1-93AA-490E-9632-C12280D16A40}.Debug|Any CPU.Build.0 = Debug|Any CPU
		{9369F0B1-93AA-490E-9632-C12280D16A40}.Debug|Mixed Platforms.ActiveCfg = Debug|Any CPU
		{9369F0B1-93AA-490E-9632-C12280D16A40}.Debug|Mixed Platforms.Build.0 = Debug|Any CPU
		{9369F0B1-93AA-490E-9632-C12280D16A40}.Debug|x86.ActiveCfg = Debug|Any CPU
		{9369F0B1-93AA-490E-9632-C12280D16A40}.DVD-5|Any CPU.ActiveCfg = Debug|Any CPU
		{9369F0B1-93AA-490E-9632-C12280D16A40}.DVD-5|Any CPU.Build.0 = Debug|Any CPU
		{9369F0B1-93AA-490E-9632-C12280D16A40}.DVD-5|Mixed Platforms.ActiveCfg = Debug|Any CPU
		{9369F0B1-93AA-490E-9632-C12280D16A40}.DVD-5|Mixed Platforms.Build.0 = Debug|Any CPU
		{9369F0B1-93AA-490E-9632-C12280D16A40}.DVD-5|x86.ActiveCfg = Debug|Any CPU
		{9369F0B1-93AA-490E-9632-C12280D16A40}.Release|Any CPU.ActiveCfg = Release|Any CPU
		{9369F0B1-93AA-490E-9632-C12280D16A40}.Release|Any CPU.Build.0 = Release|Any CPU
		{9369F0B1-93AA-490E-9632-C12280D16A40}.Release|Mixed Platforms.ActiveCfg = Release|Any CPU
		{9369F0B1-93AA-490E-9632-C12280D16A40}.Release|Mixed Platforms.Build.0 = Release|Any CPU
		{9369F0B1-93AA-490E-9632-C12280D16A40}.Release|x86.ActiveCfg = Release|Any CPU
		{9369F0B1-93AA-490E-9632-C12280D16A40}.SingleImage|Any CPU.ActiveCfg = Release|Any CPU
		{9369F0B1-93AA-490E-9632-C12280D16A40}.SingleImage|Any CPU.Build.0 = Release|Any CPU
		{9369F0B1-93AA-490E-9632-C12280D16A40}.SingleImage|Mixed Platforms.ActiveCfg = Release|Any CPU
		{9369F0B1-93AA-490E-9632-C12280D16A40}.SingleImage|Mixed Platforms.Build.0 = Release|Any CPU
		{9369F0B1-93AA-490E-9632-C12280D16A40}.SingleImage|x86.ActiveCfg = Release|Any CPU
		{7E282866-EF84-4CA9-86F4-3DB01AC8FBAA}.CD_ROM|Any CPU.ActiveCfg = Release|Any CPU
		{7E282866-EF84-4CA9-86F4-3DB01AC8FBAA}.CD_ROM|Any CPU.Build.0 = Release|Any CPU
		{7E282866-EF84-4CA9-86F4-3DB01AC8FBAA}.CD_ROM|Mixed Platforms.ActiveCfg = Release|Any CPU
		{7E282866-EF84-4CA9-86F4-3DB01AC8FBAA}.CD_ROM|Mixed Platforms.Build.0 = Release|Any CPU
		{7E282866-EF84-4CA9-86F4-3DB01AC8FBAA}.CD_ROM|x86.ActiveCfg = Release|Any CPU
		{7E282866-EF84-4CA9-86F4-3DB01AC8FBAA}.Debug|Any CPU.ActiveCfg = Debug|Any CPU
		{7E282866-EF84-4CA9-86F4-3DB01AC8FBAA}.Debug|Any CPU.Build.0 = Debug|Any CPU
		{7E282866-EF84-4CA9-86F4-3DB01AC8FBAA}.Debug|Mixed Platforms.ActiveCfg = Debug|Any CPU
		{7E282866-EF84-4CA9-86F4-3DB01AC8FBAA}.Debug|Mixed Platforms.Build.0 = Debug|Any CPU
		{7E282866-EF84-4CA9-86F4-3DB01AC8FBAA}.Debug|x86.ActiveCfg = Debug|Any CPU
		{7E282866-EF84-4CA9-86F4-3DB01AC8FBAA}.DVD-5|Any CPU.ActiveCfg = Debug|Any CPU
		{7E282866-EF84-4CA9-86F4-3DB01AC8FBAA}.DVD-5|Any CPU.Build.0 = Debug|Any CPU
		{7E282866-EF84-4CA9-86F4-3DB01AC8FBAA}.DVD-5|Mixed Platforms.ActiveCfg = Debug|Any CPU
		{7E282866-EF84-4CA9-86F4-3DB01AC8FBAA}.DVD-5|Mixed Platforms.Build.0 = Debug|Any CPU
		{7E282866-EF84-4CA9-86F4-3DB01AC8FBAA}.DVD-5|x86.ActiveCfg = Debug|Any CPU
		{7E282866-EF84-4CA9-86F4-3DB01AC8FBAA}.Release|Any CPU.ActiveCfg = Release|Any CPU
		{7E282866-EF84-4CA9-86F4-3DB01AC8FBAA}.Release|Any CPU.Build.0 = Release|Any CPU
		{7E282866-EF84-4CA9-86F4-3DB01AC8FBAA}.Release|Mixed Platforms.ActiveCfg = Release|Any CPU
		{7E282866-EF84-4CA9-86F4-3DB01AC8FBAA}.Release|Mixed Platforms.Build.0 = Release|Any CPU
		{7E282866-EF84-4CA9-86F4-3DB01AC8FBAA}.Release|x86.ActiveCfg = Release|Any CPU
		{7E282866-EF84-4CA9-86F4-3DB01AC8FBAA}.SingleImage|Any CPU.ActiveCfg = Release|Any CPU
		{7E282866-EF84-4CA9-86F4-3DB01AC8FBAA}.SingleImage|Any CPU.Build.0 = Release|Any CPU
		{7E282866-EF84-4CA9-86F4-3DB01AC8FBAA}.SingleImage|Mixed Platforms.ActiveCfg = Release|Any CPU
		{7E282866-EF84-4CA9-86F4-3DB01AC8FBAA}.SingleImage|Mixed Platforms.Build.0 = Release|Any CPU
		{7E282866-EF84-4CA9-86F4-3DB01AC8FBAA}.SingleImage|x86.ActiveCfg = Release|Any CPU
		{BBC60ED6-0AA9-41B6-94B9-43C8C2DC4D19}.CD_ROM|Any CPU.ActiveCfg = Release|Any CPU
		{BBC60ED6-0AA9-41B6-94B9-43C8C2DC4D19}.CD_ROM|Any CPU.Build.0 = Release|Any CPU
		{BBC60ED6-0AA9-41B6-94B9-43C8C2DC4D19}.CD_ROM|Mixed Platforms.ActiveCfg = Release|Any CPU
		{BBC60ED6-0AA9-41B6-94B9-43C8C2DC4D19}.CD_ROM|Mixed Platforms.Build.0 = Release|Any CPU
		{BBC60ED6-0AA9-41B6-94B9-43C8C2DC4D19}.CD_ROM|x86.ActiveCfg = Release|Any CPU
		{BBC60ED6-0AA9-41B6-94B9-43C8C2DC4D19}.Debug|Any CPU.ActiveCfg = Debug|Any CPU
		{BBC60ED6-0AA9-41B6-94B9-43C8C2DC4D19}.Debug|Any CPU.Build.0 = Debug|Any CPU
		{BBC60ED6-0AA9-41B6-94B9-43C8C2DC4D19}.Debug|Mixed Platforms.ActiveCfg = Debug|Any CPU
		{BBC60ED6-0AA9-41B6-94B9-43C8C2DC4D19}.Debug|Mixed Platforms.Build.0 = Debug|Any CPU
		{BBC60ED6-0AA9-41B6-94B9-43C8C2DC4D19}.Debug|x86.ActiveCfg = Debug|Any CPU
		{BBC60ED6-0AA9-41B6-94B9-43C8C2DC4D19}.DVD-5|Any CPU.ActiveCfg = Debug|Any CPU
		{BBC60ED6-0AA9-41B6-94B9-43C8C2DC4D19}.DVD-5|Any CPU.Build.0 = Debug|Any CPU
		{BBC60ED6-0AA9-41B6-94B9-43C8C2DC4D19}.DVD-5|Mixed Platforms.ActiveCfg = Debug|Any CPU
		{BBC60ED6-0AA9-41B6-94B9-43C8C2DC4D19}.DVD-5|Mixed Platforms.Build.0 = Debug|Any CPU
		{BBC60ED6-0AA9-41B6-94B9-43C8C2DC4D19}.DVD-5|x86.ActiveCfg = Debug|Any CPU
		{BBC60ED6-0AA9-41B6-94B9-43C8C2DC4D19}.Release|Any CPU.ActiveCfg = Release|Any CPU
		{BBC60ED6-0AA9-41B6-94B9-43C8C2DC4D19}.Release|Any CPU.Build.0 = Release|Any CPU
		{BBC60ED6-0AA9-41B6-94B9-43C8C2DC4D19}.Release|Mixed Platforms.ActiveCfg = Release|Any CPU
		{BBC60ED6-0AA9-41B6-94B9-43C8C2DC4D19}.Release|Mixed Platforms.Build.0 = Release|Any CPU
		{BBC60ED6-0AA9-41B6-94B9-43C8C2DC4D19}.Release|x86.ActiveCfg = Release|Any CPU
		{BBC60ED6-0AA9-41B6-94B9-43C8C2DC4D19}.SingleImage|Any CPU.ActiveCfg = Release|Any CPU
		{BBC60ED6-0AA9-41B6-94B9-43C8C2DC4D19}.SingleImage|Any CPU.Build.0 = Release|Any CPU
		{BBC60ED6-0AA9-41B6-94B9-43C8C2DC4D19}.SingleImage|Mixed Platforms.ActiveCfg = Release|Any CPU
		{BBC60ED6-0AA9-41B6-94B9-43C8C2DC4D19}.SingleImage|Mixed Platforms.Build.0 = Release|Any CPU
		{BBC60ED6-0AA9-41B6-94B9-43C8C2DC4D19}.SingleImage|x86.ActiveCfg = Release|Any CPU
		{FC1823D5-9170-48F3-B4C6-8370BEB53451}.CD_ROM|Any CPU.ActiveCfg = Release|Any CPU
		{FC1823D5-9170-48F3-B4C6-8370BEB53451}.CD_ROM|Any CPU.Build.0 = Release|Any CPU
		{FC1823D5-9170-48F3-B4C6-8370BEB53451}.CD_ROM|Mixed Platforms.ActiveCfg = Release|Any CPU
		{FC1823D5-9170-48F3-B4C6-8370BEB53451}.CD_ROM|Mixed Platforms.Build.0 = Release|Any CPU
		{FC1823D5-9170-48F3-B4C6-8370BEB53451}.CD_ROM|x86.ActiveCfg = Release|Any CPU
		{FC1823D5-9170-48F3-B4C6-8370BEB53451}.CD_ROM|x86.Build.0 = Release|Any CPU
		{FC1823D5-9170-48F3-B4C6-8370BEB53451}.Debug|Any CPU.ActiveCfg = Debug|Any CPU
		{FC1823D5-9170-48F3-B4C6-8370BEB53451}.Debug|Any CPU.Build.0 = Debug|Any CPU
		{FC1823D5-9170-48F3-B4C6-8370BEB53451}.Debug|Mixed Platforms.ActiveCfg = Debug|Any CPU
		{FC1823D5-9170-48F3-B4C6-8370BEB53451}.Debug|Mixed Platforms.Build.0 = Debug|Any CPU
		{FC1823D5-9170-48F3-B4C6-8370BEB53451}.Debug|x86.ActiveCfg = Debug|Any CPU
		{FC1823D5-9170-48F3-B4C6-8370BEB53451}.Debug|x86.Build.0 = Debug|Any CPU
		{FC1823D5-9170-48F3-B4C6-8370BEB53451}.DVD-5|Any CPU.ActiveCfg = Debug|Any CPU
		{FC1823D5-9170-48F3-B4C6-8370BEB53451}.DVD-5|Any CPU.Build.0 = Debug|Any CPU
		{FC1823D5-9170-48F3-B4C6-8370BEB53451}.DVD-5|Mixed Platforms.ActiveCfg = Debug|Any CPU
		{FC1823D5-9170-48F3-B4C6-8370BEB53451}.DVD-5|Mixed Platforms.Build.0 = Debug|Any CPU
		{FC1823D5-9170-48F3-B4C6-8370BEB53451}.DVD-5|x86.ActiveCfg = Debug|Any CPU
		{FC1823D5-9170-48F3-B4C6-8370BEB53451}.DVD-5|x86.Build.0 = Debug|Any CPU
		{FC1823D5-9170-48F3-B4C6-8370BEB53451}.Release|Any CPU.ActiveCfg = Release|Any CPU
		{FC1823D5-9170-48F3-B4C6-8370BEB53451}.Release|Any CPU.Build.0 = Release|Any CPU
		{FC1823D5-9170-48F3-B4C6-8370BEB53451}.Release|Mixed Platforms.ActiveCfg = Release|Any CPU
		{FC1823D5-9170-48F3-B4C6-8370BEB53451}.Release|Mixed Platforms.Build.0 = Release|Any CPU
		{FC1823D5-9170-48F3-B4C6-8370BEB53451}.Release|x86.ActiveCfg = Release|Any CPU
		{FC1823D5-9170-48F3-B4C6-8370BEB53451}.Release|x86.Build.0 = Release|Any CPU
		{FC1823D5-9170-48F3-B4C6-8370BEB53451}.SingleImage|Any CPU.ActiveCfg = Release|Any CPU
		{FC1823D5-9170-48F3-B4C6-8370BEB53451}.SingleImage|Any CPU.Build.0 = Release|Any CPU
		{FC1823D5-9170-48F3-B4C6-8370BEB53451}.SingleImage|Mixed Platforms.ActiveCfg = Release|Any CPU
		{FC1823D5-9170-48F3-B4C6-8370BEB53451}.SingleImage|Mixed Platforms.Build.0 = Release|Any CPU
		{FC1823D5-9170-48F3-B4C6-8370BEB53451}.SingleImage|x86.ActiveCfg = Release|Any CPU
		{FC1823D5-9170-48F3-B4C6-8370BEB53451}.SingleImage|x86.Build.0 = Release|Any CPU
	EndGlobalSection
	GlobalSection(SolutionProperties) = preSolution
		HideSolutionNode = FALSE
	EndGlobalSection
	GlobalSection(NestedProjects) = preSolution
		{456ED7D7-1FCC-4E66-94A3-170082549E22} = {2BBD5E18-0A92-4E3D-A5FA-38F374B3134C}
		{D9D94031-AA12-4BFD-B62E-E59B1D4984C1} = {2BBD5E18-0A92-4E3D-A5FA-38F374B3134C}
		{BD643BD6-88C0-47C6-B708-ED9DF8248032} = {2BBD5E18-0A92-4E3D-A5FA-38F374B3134C}
		{A98762A4-4BBC-4CB6-83DF-66447EE5D707} = {2BBD5E18-0A92-4E3D-A5FA-38F374B3134C}
		{FE8523A9-AFC5-4E12-A050-1E68E655A816} = {2BBD5E18-0A92-4E3D-A5FA-38F374B3134C}
		{9369F0B1-93AA-490E-9632-C12280D16A40} = {2BBD5E18-0A92-4E3D-A5FA-38F374B3134C}
		{7E282866-EF84-4CA9-86F4-3DB01AC8FBAA} = {2BBD5E18-0A92-4E3D-A5FA-38F374B3134C}
	EndGlobalSection
	GlobalSection(ExtensibilityGlobals) = postSolution
		SolutionGuid = {B02F2DDD-4863-4221-82EB-1D8C1ED1CF7D}
	EndGlobalSection
	GlobalSection(TeamFoundationVersionControl) = preSolution
		SccNumberOfProjects = 20
		SccEnterpriseProvider = {4CA58AB2-18FA-4F8D-95D4-32DDF27D184C}
		SccTeamFoundationServer = http://192.168.1.7:8080/tfs/defaultcollection
		SccLocalPath0 = .
		SccProjectUniqueName1 = SunNet.PMNew.Framework\\SunNet.PMNew.Framework.csproj
		SccProjectName1 = SunNet.PMNew.Framework
		SccLocalPath1 = SunNet.PMNew.Framework
		SccProjectUniqueName2 = SunNet.PMNew.Entity\\SunNet.PMNew.Entity.csproj
		SccProjectName2 = SunNet.PMNew.Entity
		SccLocalPath2 = SunNet.PMNew.Entity
		SccProjectUniqueName3 = SunNet.PMNew.Core\\SunNet.PMNew.Core.csproj
		SccProjectName3 = SunNet.PMNew.Core
		SccLocalPath3 = SunNet.PMNew.Core
		SccProjectUniqueName4 = SunNet.PMNew.Impl\\SunNet.PMNew.Impl.csproj
		SccProjectName4 = SunNet.PMNew.Impl
		SccLocalPath4 = SunNet.PMNew.Impl
		SccProjectUniqueName5 = SunNet.PMNew.App\\SunNet.PMNew.App.csproj
		SccProjectName5 = SunNet.PMNew.App
		SccLocalPath5 = SunNet.PMNew.App
		SccProjectUniqueName6 = SunNet.PMNew.EmailSender\\SunNet.PMNew.EmailSender.csproj
		SccProjectName6 = SunNet.PMNew.EmailSender
		SccLocalPath6 = SunNet.PMNew.EmailSender
		SccProjectUniqueName7 = SunNet.PMNew.WinLogin\\SunNet.PMNew.WinLogin.csproj
		SccProjectName7 = SunNet.PMNew.WinLogin
		SccLocalPath7 = SunNet.PMNew.WinLogin
		SccProjectUniqueName8 = SunNet.PMNew.WinUpdate\\SunNet.PMNew.WinUpdate.csproj
		SccProjectName8 = SunNet.PMNew.WinUpdate
		SccLocalPath8 = SunNet.PMNew.WinUpdate
		SccProjectUniqueName9 = EventSendAlertEmail\\EventSendAlertEmail.csproj
		SccProjectName9 = EventSendAlertEmail
		SccLocalPath9 = EventSendAlertEmail
		SccProjectUniqueName10 = SunNet.PMNew.PM2014\\SunNet.PMNew.PM2014.csproj
		SccProjectName10 = SunNet.PMNew.PM2014
		SccLocalPath10 = SunNet.PMNew.PM2014
		SccProjectUniqueName11 = Documents\\FamilyBook.Business\\FamilyBook.Business.csproj
		SccProjectTopLevelParentUniqueName11 = SunNet.PMNewVersion.sln
		SccProjectName11 = Documents/FamilyBook.Business
		SccLocalPath11 = Documents\\FamilyBook.Business
		SccProjectUniqueName12 = Documents\\FamilyBook.Common\\FamilyBook.Common.csproj
		SccProjectTopLevelParentUniqueName12 = SunNet.PMNewVersion.sln
		SccProjectName12 = Documents/FamilyBook.Common
		SccLocalPath12 = Documents\\FamilyBook.Common
		SccProjectUniqueName13 = Documents\\FamilyBook.Core\\FamilyBook.Core.csproj
		SccProjectTopLevelParentUniqueName13 = SunNet.PMNewVersion.sln
		SccProjectName13 = Documents/FamilyBook.Core
		SccLocalPath13 = Documents\\FamilyBook.Core
		SccProjectUniqueName14 = Documents\\FamilyBook.Entity\\FamilyBook.Entity.csproj
		SccProjectTopLevelParentUniqueName14 = SunNet.PMNewVersion.sln
		SccProjectName14 = Documents/FamilyBook.Entity
		SccLocalPath14 = Documents\\FamilyBook.Entity
		SccProjectUniqueName15 = Documents\\FamilyBook.Impl\\FamilyBook.Impl.csproj
		SccProjectTopLevelParentUniqueName15 = SunNet.PMNewVersion.sln
		SccProjectName15 = Documents/FamilyBook.Impl
		SccLocalPath15 = Documents\\FamilyBook.Impl
		SccProjectUniqueName16 = Documents\\FamilyBook.Web\\PM.Document.Web.csproj
		SccProjectTopLevelParentUniqueName16 = SunNet.PMNewVersion.sln
		SccProjectName16 = Documents/FamilyBook.Web
		SccLocalPath16 = Documents\\FamilyBook.Web
		SccProjectUniqueName17 = Documents\\SunNet.Framework\\SF.Framework.csproj
		SccProjectTopLevelParentUniqueName17 = SunNet.PMNewVersion.sln
		SccProjectName17 = Documents/SunNet.Framework
		SccLocalPath17 = Documents\\SunNet.Framework
		SccProjectUniqueName18 = PaymentEmail\\PaymentEmail.csproj
		SccProjectName18 = PaymentEmail
		SccLocalPath18 = PaymentEmail
		SccProjectUniqueName19 = ReminderEmail\\ReminderEmail.csproj
		SccProjectName19 = ReminderEmail
		SccLocalPath19 = ReminderEmail
	EndGlobalSection
EndGlobal
